{
  "version": "3",
  "packages": {
    "specifiers": {
      "npm:@types/node": "npm:@types/node@18.16.19",
      "npm:hanabijs@0.1.0": "npm:hanabijs@0.1.0",
      "npm:hanabijs@0.1.1": "npm:hanabijs@0.1.1",
      "npm:hanabijs@^0.1.5": "npm:hanabijs@0.1.5",
      "npm:vite": "npm:vite@3.2.10",
      "npm:vite@^3.2.3": "npm:vite@3.2.10"
    },
    "npm": {
      "@esbuild/android-arm@0.15.18": {
        "integrity": "sha512-5GT+kcs2WVGjVs7+boataCkO5Fg0y4kCjzkB5bAip7H4jfnOS3dA6KPiww9W1OEKTKeAcUVhdZGvgI65OXmUnw==",
        "dependencies": {}
      },
      "@esbuild/linux-loong64@0.15.18": {
        "integrity": "sha512-L4jVKS82XVhw2nvzLg/19ClLWg0y27ulRwuP7lcyL6AbUWB5aPglXY3M21mauDQMDfRLs8cQmeT03r/+X3cZYQ==",
        "dependencies": {}
      },
      "@types/node@18.16.19": {
        "integrity": "sha512-IXl7o+R9iti9eBW4Wg2hx1xQDig183jj7YLn8F7udNceyfkbn1ZxmzZXuak20gR40D7pIkIY1kYGx5VIGbaHKA==",
        "dependencies": {}
      },
      "esbuild-android-64@0.15.18": {
        "integrity": "sha512-wnpt3OXRhcjfIDSZu9bnzT4/TNTDsOUvip0foZOUBG7QbSt//w3QV4FInVJxNhKc/ErhUxc5z4QjHtMi7/TbgA==",
        "dependencies": {}
      },
      "esbuild-android-arm64@0.15.18": {
        "integrity": "sha512-G4xu89B8FCzav9XU8EjsXacCKSG2FT7wW9J6hOc18soEHJdtWu03L3TQDGf0geNxfLTtxENKBzMSq9LlbjS8OQ==",
        "dependencies": {}
      },
      "esbuild-darwin-64@0.15.18": {
        "integrity": "sha512-2WAvs95uPnVJPuYKP0Eqx+Dl/jaYseZEUUT1sjg97TJa4oBtbAKnPnl3b5M9l51/nbx7+QAEtuummJZW0sBEmg==",
        "dependencies": {}
      },
      "esbuild-darwin-arm64@0.15.18": {
        "integrity": "sha512-tKPSxcTJ5OmNb1btVikATJ8NftlyNlc8BVNtyT/UAr62JFOhwHlnoPrhYWz09akBLHI9nElFVfWSTSRsrZiDUA==",
        "dependencies": {}
      },
      "esbuild-freebsd-64@0.15.18": {
        "integrity": "sha512-TT3uBUxkteAjR1QbsmvSsjpKjOX6UkCstr8nMr+q7zi3NuZ1oIpa8U41Y8I8dJH2fJgdC3Dj3CXO5biLQpfdZA==",
        "dependencies": {}
      },
      "esbuild-freebsd-arm64@0.15.18": {
        "integrity": "sha512-R/oVr+X3Tkh+S0+tL41wRMbdWtpWB8hEAMsOXDumSSa6qJR89U0S/PpLXrGF7Wk/JykfpWNokERUpCeHDl47wA==",
        "dependencies": {}
      },
      "esbuild-linux-32@0.15.18": {
        "integrity": "sha512-lphF3HiCSYtaa9p1DtXndiQEeQDKPl9eN/XNoBf2amEghugNuqXNZA/ZovthNE2aa4EN43WroO0B85xVSjYkbg==",
        "dependencies": {}
      },
      "esbuild-linux-64@0.15.18": {
        "integrity": "sha512-hNSeP97IviD7oxLKFuii5sDPJ+QHeiFTFLoLm7NZQligur8poNOWGIgpQ7Qf8Balb69hptMZzyOBIPtY09GZYw==",
        "dependencies": {}
      },
      "esbuild-linux-arm64@0.15.18": {
        "integrity": "sha512-54qr8kg/6ilcxd+0V3h9rjT4qmjc0CccMVWrjOEM/pEcUzt8X62HfBSeZfT2ECpM7104mk4yfQXkosY8Quptug==",
        "dependencies": {}
      },
      "esbuild-linux-arm@0.15.18": {
        "integrity": "sha512-UH779gstRblS4aoS2qpMl3wjg7U0j+ygu3GjIeTonCcN79ZvpPee12Qun3vcdxX+37O5LFxz39XeW2I9bybMVA==",
        "dependencies": {}
      },
      "esbuild-linux-mips64le@0.15.18": {
        "integrity": "sha512-Mk6Ppwzzz3YbMl/ZZL2P0q1tnYqh/trYZ1VfNP47C31yT0K8t9s7Z077QrDA/guU60tGNp2GOwCQnp+DYv7bxQ==",
        "dependencies": {}
      },
      "esbuild-linux-ppc64le@0.15.18": {
        "integrity": "sha512-b0XkN4pL9WUulPTa/VKHx2wLCgvIAbgwABGnKMY19WhKZPT+8BxhZdqz6EgkqCLld7X5qiCY2F/bfpUUlnFZ9w==",
        "dependencies": {}
      },
      "esbuild-linux-riscv64@0.15.18": {
        "integrity": "sha512-ba2COaoF5wL6VLZWn04k+ACZjZ6NYniMSQStodFKH/Pu6RxzQqzsmjR1t9QC89VYJxBeyVPTaHuBMCejl3O/xg==",
        "dependencies": {}
      },
      "esbuild-linux-s390x@0.15.18": {
        "integrity": "sha512-VbpGuXEl5FCs1wDVp93O8UIzl3ZrglgnSQ+Hu79g7hZu6te6/YHgVJxCM2SqfIila0J3k0csfnf8VD2W7u2kzQ==",
        "dependencies": {}
      },
      "esbuild-netbsd-64@0.15.18": {
        "integrity": "sha512-98ukeCdvdX7wr1vUYQzKo4kQ0N2p27H7I11maINv73fVEXt2kyh4K4m9f35U1K43Xc2QGXlzAw0K9yoU7JUjOg==",
        "dependencies": {}
      },
      "esbuild-openbsd-64@0.15.18": {
        "integrity": "sha512-yK5NCcH31Uae076AyQAXeJzt/vxIo9+omZRKj1pauhk3ITuADzuOx5N2fdHrAKPxN+zH3w96uFKlY7yIn490xQ==",
        "dependencies": {}
      },
      "esbuild-sunos-64@0.15.18": {
        "integrity": "sha512-On22LLFlBeLNj/YF3FT+cXcyKPEI263nflYlAhz5crxtp3yRG1Ugfr7ITyxmCmjm4vbN/dGrb/B7w7U8yJR9yw==",
        "dependencies": {}
      },
      "esbuild-windows-32@0.15.18": {
        "integrity": "sha512-o+eyLu2MjVny/nt+E0uPnBxYuJHBvho8vWsC2lV61A7wwTWC3jkN2w36jtA+yv1UgYkHRihPuQsL23hsCYGcOQ==",
        "dependencies": {}
      },
      "esbuild-windows-64@0.15.18": {
        "integrity": "sha512-qinug1iTTaIIrCorAUjR0fcBk24fjzEedFYhhispP8Oc7SFvs+XeW3YpAKiKp8dRpizl4YYAhxMjlftAMJiaUw==",
        "dependencies": {}
      },
      "esbuild-windows-arm64@0.15.18": {
        "integrity": "sha512-q9bsYzegpZcLziq0zgUi5KqGVtfhjxGbnksaBFYmWLxeV/S1fK4OLdq2DFYnXcLMjlZw2L0jLsk1eGoB522WXQ==",
        "dependencies": {}
      },
      "esbuild@0.15.18": {
        "integrity": "sha512-x/R72SmW3sSFRm5zrrIjAhCeQSAWoni3CmHEqfQrZIQTM3lVCdehdwuIqaOtfC2slvpdlLa62GYoN8SxT23m6Q==",
        "dependencies": {
          "@esbuild/android-arm": "@esbuild/android-arm@0.15.18",
          "@esbuild/linux-loong64": "@esbuild/linux-loong64@0.15.18",
          "esbuild-android-64": "esbuild-android-64@0.15.18",
          "esbuild-android-arm64": "esbuild-android-arm64@0.15.18",
          "esbuild-darwin-64": "esbuild-darwin-64@0.15.18",
          "esbuild-darwin-arm64": "esbuild-darwin-arm64@0.15.18",
          "esbuild-freebsd-64": "esbuild-freebsd-64@0.15.18",
          "esbuild-freebsd-arm64": "esbuild-freebsd-arm64@0.15.18",
          "esbuild-linux-32": "esbuild-linux-32@0.15.18",
          "esbuild-linux-64": "esbuild-linux-64@0.15.18",
          "esbuild-linux-arm": "esbuild-linux-arm@0.15.18",
          "esbuild-linux-arm64": "esbuild-linux-arm64@0.15.18",
          "esbuild-linux-mips64le": "esbuild-linux-mips64le@0.15.18",
          "esbuild-linux-ppc64le": "esbuild-linux-ppc64le@0.15.18",
          "esbuild-linux-riscv64": "esbuild-linux-riscv64@0.15.18",
          "esbuild-linux-s390x": "esbuild-linux-s390x@0.15.18",
          "esbuild-netbsd-64": "esbuild-netbsd-64@0.15.18",
          "esbuild-openbsd-64": "esbuild-openbsd-64@0.15.18",
          "esbuild-sunos-64": "esbuild-sunos-64@0.15.18",
          "esbuild-windows-32": "esbuild-windows-32@0.15.18",
          "esbuild-windows-64": "esbuild-windows-64@0.15.18",
          "esbuild-windows-arm64": "esbuild-windows-arm64@0.15.18"
        }
      },
      "fsevents@2.3.3": {
        "integrity": "sha512-5xoDfX+fL7faATnagmWPpbFtwh/R77WmMMqqHGS65C3vvB0YHrgF+B1YmZ3441tMj5n63k0212XNoJwzlhffQw==",
        "dependencies": {}
      },
      "function-bind@1.1.2": {
        "integrity": "sha512-7XHNxH7qX9xG5mIwxkhumTox/MIRNcOgDrxWsMt2pAr23WHp6MrRlN7FBSFpCpr+oVO0F744iUgR82nJMfG2SA==",
        "dependencies": {}
      },
      "hanabijs@0.1.0": {
        "integrity": "sha512-FiMW47P4FLNYe699uBWKyngG5Y0Vz//hc2whk0hMTPPzI0k1f5PiGe1Uahw8hZAaWltbAO3YYElhcAGkcDaylw==",
        "dependencies": {
          "p5": "p5@1.10.0"
        }
      },
      "hanabijs@0.1.1": {
        "integrity": "sha512-TIsLC4isvYPYNGfPdV/7B3tQgqDDQBb0OHTJHmlJ0bhwWTsbyMJMNQPocowDx0hO504Sbjb6lV7/UZCrCn/p7g==",
        "dependencies": {
          "p5": "p5@1.10.0"
        }
      },
      "hanabijs@0.1.5": {
        "integrity": "sha512-YO0XAVCOphWiGIqDBPmFP5HCparkMfnUkrJle7rLsR1x4v6j/zWaHqEC9NBsGLCQbghQ+MxBnVt9Ep/2E6Ft+g==",
        "dependencies": {
          "p5": "p5@1.10.0"
        }
      },
      "hasown@2.0.2": {
        "integrity": "sha512-0hJU9SCPvmMzIBdZFqNPXWa6dqh7WdH0cII9y+CyS8rG3nL48Bclra9HmKhVVUHyPWNH5Y7xDwAB7bfgSjkUMQ==",
        "dependencies": {
          "function-bind": "function-bind@1.1.2"
        }
      },
      "is-core-module@2.15.1": {
        "integrity": "sha512-z0vtXSwucUJtANQWldhbtbt7BnL0vxiFjIdDLAatwhDYty2bad6s+rijD6Ri4YuYJubLzIJLUidCh09e1djEVQ==",
        "dependencies": {
          "hasown": "hasown@2.0.2"
        }
      },
      "nanoid@3.3.7": {
        "integrity": "sha512-eSRppjcPIatRIMC1U6UngP8XFcz8MQWGQdt1MTBQ7NaAmvXDfvNxbvWV3x2y6CdEUciCSsDHDQZbhYaB8QEo2g==",
        "dependencies": {}
      },
      "p5@1.10.0": {
        "integrity": "sha512-6cWYBFhnZz7jNC6p1VWvlt3QReMqrRSmO90bgECQIKB9oko2w/sKrOAVMyei5tjIzSYcSY0JHy+BRtSAWq24jQ==",
        "dependencies": {}
      },
      "path-parse@1.0.7": {
        "integrity": "sha512-LDJzPVEEEPR+y48z93A0Ed0yXb8pAByGWo/k5YYdYgpY2/2EsOsksJrq7lOHxryrVOn1ejG6oAp8ahvOIQD8sw==",
        "dependencies": {}
      },
      "picocolors@1.0.1": {
        "integrity": "sha512-anP1Z8qwhkbmu7MFP5iTt+wQKXgwzf7zTyGlcdzabySa9vd0Xt392U0rVmz9poOaBj0uHJKyyo9/upk0HrEQew==",
        "dependencies": {}
      },
      "postcss@8.4.41": {
        "integrity": "sha512-TesUflQ0WKZqAvg52PWL6kHgLKP6xB6heTOdoYM0Wt2UHyxNa4K25EZZMgKns3BH1RLVbZCREPpLY0rhnNoHVQ==",
        "dependencies": {
          "nanoid": "nanoid@3.3.7",
          "picocolors": "picocolors@1.0.1",
          "source-map-js": "source-map-js@1.2.0"
        }
      },
      "resolve@1.22.8": {
        "integrity": "sha512-oKWePCxqpd6FlLvGV1VU0x7bkPmmCNolxzjMf4NczoDnQcIWrAF+cPtZn5i6n+RfD2d9i0tzpKnG6Yk168yIyw==",
        "dependencies": {
          "is-core-module": "is-core-module@2.15.1",
          "path-parse": "path-parse@1.0.7",
          "supports-preserve-symlinks-flag": "supports-preserve-symlinks-flag@1.0.0"
        }
      },
      "rollup@2.79.1": {
        "integrity": "sha512-uKxbd0IhMZOhjAiD5oAFp7BqvkA4Dv47qpOCtaNvng4HBwdbWtdOh8f5nZNuk2rp51PMGk3bzfWu5oayNEuYnw==",
        "dependencies": {
          "fsevents": "fsevents@2.3.3"
        }
      },
      "source-map-js@1.2.0": {
        "integrity": "sha512-itJW8lvSA0TXEphiRoawsCksnlf8SyvmFzIhltqAHluXd88pkCd+cXJVHTDwdCr0IzwptSm035IHQktUu1QUMg==",
        "dependencies": {}
      },
      "supports-preserve-symlinks-flag@1.0.0": {
        "integrity": "sha512-ot0WnXS9fgdkgIcePe6RHNk1WA8+muPa6cSjeR3V8K27q9BB1rTE3R1p7Hv0z1ZyAc8s6Vvv8DIyWf681MAt0w==",
        "dependencies": {}
      },
      "vite@3.2.10": {
        "integrity": "sha512-Dx3olBo/ODNiMVk/cA5Yft9Ws+snLOXrhLtrI3F4XLt4syz2Yg8fayZMWScPKoz12v5BUv7VEmQHnsfpY80fYw==",
        "dependencies": {
          "esbuild": "esbuild@0.15.18",
          "fsevents": "fsevents@2.3.3",
          "postcss": "postcss@8.4.41",
          "resolve": "resolve@1.22.8",
          "rollup": "rollup@2.79.1"
        }
      }
    }
  },
  "remote": {
    "https://deno.land/std@0.151.0/_util/assert.ts": "e94f2eb37cebd7f199952e242c77654e43333c1ac4c5c700e929ea3aa5489f74",
    "https://deno.land/std@0.151.0/_util/os.ts": "3b4c6e27febd119d36a416d7a97bd3b0251b77c88942c8f16ee5953ea13e2e49",
    "https://deno.land/std@0.151.0/async/abortable.ts": "87aa7230be8360c24ad437212311c9e8d4328854baec27b4c7abb26e85515c06",
    "https://deno.land/std@0.151.0/async/deadline.ts": "48ac998d7564969f3e6ec6b6f9bf0217ebd00239b1b2292feba61272d5dd58d0",
    "https://deno.land/std@0.151.0/async/debounce.ts": "564273ef242bcfcda19a439132f940db8694173abffc159ea34f07d18fc42620",
    "https://deno.land/std@0.151.0/async/deferred.ts": "bc18e28108252c9f67dfca2bbc4587c3cbf3aeb6e155f8c864ca8ecff992b98a",
    "https://deno.land/std@0.151.0/async/delay.ts": "cbbdf1c87d1aed8edc7bae13592fb3e27e3106e0748f089c263390d4f49e5f6c",
    "https://deno.land/std@0.151.0/async/mod.ts": "9852cd8ed897ab2d41a8fbee611d574e97898327db5c19d9d58e41126473f02c",
    "https://deno.land/std@0.151.0/async/mux_async_iterator.ts": "5b4aca6781ad0f2e19ccdf1d1a1c092ccd3e00d52050d9c27c772658c8367256",
    "https://deno.land/std@0.151.0/async/pool.ts": "ef9eb97b388543acbf0ac32647121e4dbe629236899586c4d4311a8770fbb239",
    "https://deno.land/std@0.151.0/async/tee.ts": "bcfae0017ebb718cf4eef9e2420e8675d91cb1bcc0ed9b668681af6e6caad846",
    "https://deno.land/std@0.151.0/encoding/hex.ts": "7f023e1e51cfd6b189682e602e8640939e7be71a300a2fcf3daf8f84dc609bbc",
    "https://deno.land/std@0.151.0/flags/mod.ts": "594472736e24b2f2afd3451cf7ccd58a21706ce91006478a544fdfa056c69697",
    "https://deno.land/std@0.151.0/fmt/colors.ts": "6f9340b7fb8cc25a993a99e5efc56fe81bb5af284ff412129dd06df06f53c0b4",
    "https://deno.land/std@0.151.0/http/file_server.ts": "dfcd3fa6fb516d534edd70a0dde5ad7fdb2f0e5b4b2371b3426a7a9b34978c89",
    "https://deno.land/std@0.151.0/http/http_status.ts": "897575a7d6bc2b9123f6a38ecbc0f03d95a532c5d92029315dc9f508e12526b8",
    "https://deno.land/std@0.151.0/http/server.ts": "0b0a9f3abfcfecead944b31ee9098a0c11a59b0495bf873ee200eb80e7441483",
    "https://deno.land/std@0.151.0/http/util.ts": "6abb4120b732f28954c3df6fed8bee9e2026a93a327f6f116bf049b3958fd85f",
    "https://deno.land/std@0.151.0/media_types/_util.ts": "ce9b4fc4ba1c447dafab619055e20fd88236ca6bdd7834a21f98bd193c3fbfa1",
    "https://deno.land/std@0.151.0/media_types/mod.ts": "2d4b6f32a087029272dc59e0a55ae3cc4d1b27b794ccf528e94b1925795b3118",
    "https://deno.land/std@0.151.0/media_types/vendor/mime-db.v1.52.0.ts": "724cee25fa40f1a52d3937d6b4fbbfdd7791ff55e1b7ac08d9319d5632c7f5af",
    "https://deno.land/std@0.151.0/path/_constants.ts": "df1db3ffa6dd6d1252cc9617e5d72165cd2483df90e93833e13580687b6083c3",
    "https://deno.land/std@0.151.0/path/_interface.ts": "ee3b431a336b80cf445441109d089b70d87d5e248f4f90ff906820889ecf8d09",
    "https://deno.land/std@0.151.0/path/_util.ts": "c1e9686d0164e29f7d880b2158971d805b6e0efc3110d0b3e24e4b8af2190d2b",
    "https://deno.land/std@0.151.0/path/common.ts": "bee563630abd2d97f99d83c96c2fa0cca7cee103e8cb4e7699ec4d5db7bd2633",
    "https://deno.land/std@0.151.0/path/glob.ts": "cb5255638de1048973c3e69e420c77dc04f75755524cb3b2e160fe9277d939ee",
    "https://deno.land/std@0.151.0/path/mod.ts": "4945b430b759b0b3d98f2a278542cbcf95e0ad2bd8eaaed3c67322b306b2b346",
    "https://deno.land/std@0.151.0/path/posix.ts": "c1f7afe274290ea0b51da07ee205653b2964bd74909a82deb07b69a6cc383aaa",
    "https://deno.land/std@0.151.0/path/separator.ts": "fe1816cb765a8068afb3e8f13ad272351c85cbc739af56dacfc7d93d710fe0f9",
    "https://deno.land/std@0.151.0/path/win32.ts": "bd7549042e37879c68ff2f8576a25950abbfca1d696d41d82c7bca0b7e6f452c",
    "https://esm.sh/hanabijs@0.1.1": "b935971ef6b26f7166f4abf304893299a79bec332b846867ad63a11f12b058e9",
    "https://esm.sh/hanabijs@0.1.2": "f9c876057613ffd4a757ecfbc711d137e18ecc292a3d581ef9416560c52010a2",
    "https://esm.sh/hanabijs@0.1.3": "f0defb3612af36351fe2634eb726eb500e26ab1f6a4bb8838d6d4f3e71c0ba8e",
    "https://esm.sh/hanabijs@0.1.4": "6b5236ffe7b8fda2c51ec73225917c7e76df37b4f7a7bb6cd9064790e4e40186",
    "https://esm.sh/hanabijs@0.1.5": "5799cfae0868e09eeaca8b73d79282e3f383570875ed5a4e1916983d6a94c1a4",
    "https://esm.sh/v135/hanabijs@0.1.1/denonext/hanabijs.mjs": "2891042a54c6b37f6f5efb6cd563fa19196a583160d371981ced8bb15ada2f24",
    "https://esm.sh/v135/hanabijs@0.1.2/denonext/hanabijs.mjs": "82217f3a14cfc4682fe477b627a426ffe2ea9c8919541b1de50d7403d1f8a79b",
    "https://esm.sh/v135/hanabijs@0.1.3/denonext/hanabijs.mjs": "d7283b6025b082dd14bf9234b98e9043b9db7689a37a22e53423ed4bad8d88a0",
    "https://esm.sh/v135/hanabijs@0.1.4/denonext/hanabijs.mjs": "1b0b087ff285b9f6d0f77435183d45ac9409cd232f99a2a07b8df2044cbfcc18",
    "https://esm.sh/v135/hanabijs@0.1.5/denonext/hanabijs.mjs": "292cb84a982d35460644d49edc8939c3ef0ce6524c0eed63c4e87f288a5c9eae",
    "https://esm.sh/v135/p5@1.10.0/denonext/p5.mjs": "cde0f84a7d408e8bfa20f1ffca8cbee1489604159a06fe346b663b98b4e572c8"
  }
}
